// !$*UTF8*$!
{
	archiveVersion = 1;
	classes = {
	};
	objectVersion = 50;
	objects = {

/* Begin PBXBuildFile section */
		F3B1E5CF26406439001E6B90 /* AppDelegate.swift in Sources */ = {isa = PBXBuildFile; fileRef = F3B1E5CE26406439001E6B90 /* AppDelegate.swift */; };
		F3B1E5D126406439001E6B90 /* SceneDelegate.swift in Sources */ = {isa = PBXBuildFile; fileRef = F3B1E5D026406439001E6B90 /* SceneDelegate.swift */; };
		F3B1E5D626406439001E6B90 /* Main.storyboard in Resources */ = {isa = PBXBuildFile; fileRef = F3B1E5D426406439001E6B90 /* Main.storyboard */; };
		F3B1E5D82640643B001E6B90 /* Assets.xcassets in Resources */ = {isa = PBXBuildFile; fileRef = F3B1E5D72640643B001E6B90 /* Assets.xcassets */; };
		F3B1E5DB2640643B001E6B90 /* LaunchScreen.storyboard in Resources */ = {isa = PBXBuildFile; fileRef = F3B1E5D92640643B001E6B90 /* LaunchScreen.storyboard */; };
		F3B1E5E3264064C8001E6B90 /* BasicCollectionViewCell.swift in Sources */ = {isa = PBXBuildFile; fileRef = F3B1E5E2264064C8001E6B90 /* BasicCollectionViewCell.swift */; };
		F3B1E5E526406535001E6B90 /* BasicCollectionViewController.swift in Sources */ = {isa = PBXBuildFile; fileRef = F3B1E5E426406535001E6B90 /* BasicCollectionViewController.swift */; };
/* End PBXBuildFile section */

/* Begin PBXFileReference section */
		F3B1E5CB26406439001E6B90 /* BasicCollectionView.app */ = {isa = PBXFileReference; explicitFileType = wrapper.application; includeInIndex = 0; path = BasicCollectionView.app; sourceTree = BUILT_PRODUCTS_DIR; };
		F3B1E5CE26406439001E6B90 /* AppDelegate.swift */ = {isa = PBXFileReference; lastKnownFileType = sourcecode.swift; path = AppDelegate.swift; sourceTree = "<group>"; };
		F3B1E5D026406439001E6B90 /* SceneDelegate.swift */ = {isa = PBXFileReference; lastKnownFileType = sourcecode.swift; path = SceneDelegate.swift; sourceTree = "<group>"; };
		F3B1E5D526406439001E6B90 /* Base */ = {isa = PBXFileReference; lastKnownFileType = file.storyboard; name = Base; path = Base.lproj/Main.storyboard; sourceTree = "<group>"; };
		F3B1E5D72640643B001E6B90 /* Assets.xcassets */ = {isa = PBXFileReference; lastKnownFileType = folder.assetcatalog; path = Assets.xcassets; sourceTree = "<group>"; };
		F3B1E5DA2640643B001E6B90 /* Base */ = {isa = PBXFileReference; lastKnownFileType = file.storyboard; name = Base; path = Base.lproj/LaunchScreen.storyboard; sourceTree = "<group>"; };
		F3B1E5DC2640643B001E6B90 /* Info.plist */ = {isa = PBXFileReference; lastKnownFileType = text.plist.xml; path = Info.plist; sourceTree = "<group>"; };
		F3B1E5E2264064C8001E6B90 /* BasicCollectionViewCell.swift */ = {isa = PBXFileReference; lastKnownFileType = sourcecode.swift; path = BasicCollectionViewCell.swift; sourceTree = "<group>"; };
		F3B1E5E426406535001E6B90 /* BasicCollectionViewController.swift */ = {isa = PBXFileReference; lastKnownFileType = sourcecode.swift; path = BasicCollectionViewController.swift; sourceTree = "<group>"; };
/* End PBXFileReference section */

/* Begin PBXFrameworksBuildPhase section */
		F3B1E5C826406439001E6B90 /* Frameworks */ = {
			isa = PBXFrameworksBuildPhase;
			buildActionMask = 2147483647;
			files = (
			);
			runOnlyForDeploymentPostprocessing = 0;
		};
/* End PBXFrameworksBuildPhase section */

/* Begin PBXGroup section */
		F3B1E5C226406439001E6B90 = {
			isa = PBXGroup;
			children = (
				F3B1E5CD26406439001E6B90 /* BasicCollectionView */,
				F3B1E5CC26406439001E6B90 /* Products */,
			);
			sourceTree = "<group>";
		};
		F3B1E5CC26406439001E6B90 /* Products */ = {
			isa = PBXGroup;
			children = (
				F3B1E5CB26406439001E6B90 /* BasicCollectionView.app */,
			);
			name = Products;
			sourceTree = "<group>";
		};
		F3B1E5CD26406439001E6B90 /* BasicCollectionView */ = {
			isa = PBXGroup;
			children = (
				F3B1E5CE26406439001E6B90 /* AppDelegate.swift */,
				F3B1E5D026406439001E6B90 /* SceneDelegate.swift */,
				F3B1E5E426406535001E6B90 /* BasicCollectionViewController.swift */,
				F3B1E5E2264064C8001E6B90 /* BasicCollectionViewCell.swift */,
				F3B1E5D426406439001E6B90 /* Main.storyboard */,
				F3B1E5D72640643B001E6B90 /* Assets.xcassets */,
				F3B1E5D92640643B001E6B90 /* LaunchScreen.storyboard */,
				F3B1E5DC2640643B001E6B90 /* Info.plist */,
			);
			path = BasicCollectionView;
			sourceTree = "<group>";
		};
/* End PBXGroup section */

/* Begin PBXNativeTarget section */
		F3B1E5CA26406439001E6B90 /* BasicCollectionView */ = {
			isa = PBXNativeTarget;
			buildConfigurationList = F3B1E5DF2640643B001E6B90 /* Build configuration list for PBXNativeTarget "BasicCollectionView" */;
			buildPhases = (
				F3B1E5C726406439001E6B90 /* Sources */,
				F3B1E5C826406439001E6B90 /* Frameworks */,
				F3B1E5C926406439001E6B90 /* Resources */,
			);
			buildRules = (
			);
			dependencies = (
			);
			name = BasicCollectionView;
			productName = BasicCollectionView;
			productReference = F3B1E5CB26406439001E6B90 /* BasicCollectionView.app */;
			productType = "com.apple.product-type.application";
		};
/* End PBXNativeTarget section */

/* Begin PBXProject section */
		F3B1E5C326406439001E6B90 /* Project object */ = {
			isa = PBXProject;
			attributes = {
				LastSwiftUpdateCheck = 1250;
				LastUpgradeCheck = 1250;
				TargetAttributes = {
					F3B1E5CA26406439001E6B90 = {
						CreatedOnToolsVersion = 12.5;
					};
				};
			};
			buildConfigurationList = F3B1E5C626406439001E6B90 /* Build configuration list for PBXProject "BasicCollectionView" */;
			compatibilityVersion = "Xcode 9.3";
			developmentRegion = en;
			hasScannedForEncodings = 0;
			knownRegions = (
				en,
				Base,
			);
			mainGroup = F3B1E5C226406439001E6B90;
			productRefGroup = F3B1E5CC26406439001E6B90 /* Products */;
			projectDirPath = "";
			projectRoot = "";
			targets = (
				F3B1E5CA26406439001E6B90 /* BasicCollectionView */,
			);
		};
/* End PBXProject section */

/* Begin PBXResourcesBuildPhase section */
		F3B1E5C926406439001E6B90 /* Resources */ = {
			isa = PBXResourcesBuildPhase;
			buildActionMask = 2147483647;
			files = (
				F3B1E5DB2640643B001E6B90 /* LaunchScreen.storyboard in Resources */,
				F3B1E5D82640643B001E6B90 /* Assets.xcassets in Resources */,
				F3B1E5D626406439001E6B90 /* Main.storyboard in Resources */,
			);
			runOnlyForDeploymentPostprocessing = 0;
		};
/* End PBXResourcesBuildPhase section */

/* Begin PBXSourcesBuildPhase section */
		F3B1E5C726406439001E6B90 /* Sources */ = {
			isa = PBXSourcesBuildPhase;
			buildActionMask = 2147483647;
			files = (
				F3B1E5E3264064C8001E6B90 /* BasicCollectionViewCell.swift in Sources */,
				F3B1E5CF26406439001E6B90 /* AppDelegate.swift in Sources */,
				F3B1E5D126406439001E6B90 /* SceneDelegate.swift in Sources */,
				F3B1E5E526406535001E6B90 /* BasicCollectionViewController.swift in Sources */,
			);
			runOnlyForDeploymentPostprocessing = 0;
		};
/* End PBXSourcesBuildPhase section */

/* Begin PBXVariantGroup section */
		F3B1E5D426406439001E6B90 /* Main.storyboard */ = {
			isa = PBXVariantGroup;
			children = (
				F3B1E5D526406439001E6B90 /* Base */,
			);
			name = Main.storyboard;
			sourceTree = "<group>";
		};
		F3B1E5D92640643B001E6B90 /* LaunchScreen.storyboard */ = {
			isa = PBXVariantGroup;
			children = (
				F3B1E5DA2640643B001E6B90 /* Base */,
			);
			name = LaunchScreen.storyboard;
			sourceTree = "<group>";
		};
/* End PBXVariantGroup section */

/* Begin XCBuildConfiguration section */
		F3B1E5DD2640643B001E6B90 /* Debug */ = {
			isa = XCBuildConfiguration;
			buildSettings = {
				ALWAYS_SEARCH_USER_PATHS = NO;
				CLANG_ANALYZER_NONNULL = YES;
				CLANG_ANALYZER_NUMBER_OBJECT_CONVERSION = YES_AGGRESSIVE;
				CLANG_CXX_LANGUAGE_STANDARD = "gnu++14";
				CLANG_CXX_LIBRARY = "libc++";
				CLANG_ENABLE_MODULES = YES;
				CLANG_ENABLE_OBJC_ARC = YES;
				CLANG_ENABLE_OBJC_WEAK = YES;
				CLANG_WARN_BLOCK_CAPTURE_AUTORELEASING = YES;
				CLANG_WARN_BOOL_CONVERSION = YES;
				CLANG_WARN_COMMA = YES;
				CLANG_WARN_CONSTANT_CONVERSION = YES;
				CLANG_WARN_DEPRECATED_OBJC_IMPLEMENTATIONS = YES;
				CLANG_WARN_DIRECT_OBJC_ISA_USAGE = YES_ERROR;
				CLANG_WARN_DOCUMENTATION_COMMENTS = YES;
				CLANG_WARN_EMPTY_BODY = YES;
				CLANG_WARN_ENUM_CONVERSION = YES;
				CLANG_WARN_INFINITE_RECURSION = YES;
				CLANG_WARN_INT_CONVERSION = YES;
				CLANG_WARN_NON_LITERAL_NULL_CONVERSION = YES;
				CLANG_WARN_OBJC_IMPLICIT_RETAIN_SELF = YES;
				CLANG_WARN_OBJC_LITERAL_CONVERSION = YES;
				CLANG_WARN_OBJC_ROOT_CLASS = YES_ERROR;
				CLANG_WARN_QUOTED_INCLUDE_IN_FRAMEWORK_HEADER = YES;
				CLANG_WARN_RANGE_LOOP_ANALYSIS = YES;
				CLANG_WARN_STRICT_PROTOTYPES = YES;
				CLANG_WARN_SUSPICIOUS_MOVE = YES;
				CLANG_WARN_UNGUARDED_AVAILABILITY = YES_AGGRESSIVE;
				CLANG_WARN_UNREACHABLE_CODE = YES;
				CLANG_WARN__DUPLICATE_METHOD_MATCH = YES;
				COPY_PHASE_STRIP = NO;
				DEBUG_INFORMATION_FORMAT = dwarf;
				ENABLE_STRICT_OBJC_MSGSEND = YES;
				ENABLE_TESTABILITY = YES;
				GCC_C_LANGUAGE_STANDARD = gnu11;
				GCC_DYNAMIC_NO_PIC = NO;
				GCC_NO_COMMON_BLOCKS = YES;
				GCC_OPTIMIZATION_LEVEL = 0;
				GCC_PREPROCESSOR_DEFINITIONS = (
					"DEBUG=1",
					"$(inherited)",
				);
				GCC_WARN_64_TO_32_BIT_CONVERSION = YES;
				GCC_WARN_ABOUT_RETURN_TYPE = YES_ERROR;
				GCC_WARN_UNDECLARED_SELECTOR = YES;
				GCC_WARN_UNINITIALIZED_AUTOS = YES_AGGRESSIVE;
				GCC_WARN_UNUSED_FUNCTION = YES;
				GCC_WARN_UNUSED_VARIABLE = YES;
				IPHONEOS_DEPLOYMENT_TARGET = 14.5;
				MTL_ENABLE_DEBUG_INFO = INCLUDE_SOURCE;
				MTL_FAST_MATH = YES;
				ONLY_ACTIVE_ARCH = YES;
				SDKROOT = iphoneos;
				SWIFT_ACTIVE_COMPILATION_CONDITIONS = DEBUG;
				SWIFT_OPTIMIZATION_LEVEL = "-Onone";
			};
			name = Debug;
		};
		F3B1E5DE2640643B001E6B90 /* Release */ = {
			isa = XCBuildConfiguration;
			buildSettings = {
				ALWAYS_SEARCH_USER_PATHS = NO;
				CLANG_ANALYZER_NONNULL = YES;
				CLANG_ANALYZER_NUMBER_OBJECT_CONVERSION = YES_AGGRESSIVE;
				CLANG_CXX_LANGUAGE_STANDARD = "gnu++14";
				CLANG_CXX_LIBRARY = "libc++";
				CLANG_ENABLE_MODULES = YES;
				CLANG_ENABLE_OBJC_ARC = YES;
				CLANG_ENABLE_OBJC_WEAK = YES;
				CLANG_WARN_BLOCK_CAPTURE_AUTORELEASING = YES;
				CLANG_WARN_BOOL_CONVERSION = YES;
				CLANG_WARN_COMMA = YES;
				CLANG_WARN_CONSTANT_CONVERSION = YES;
				CLANG_WARN_DEPRECATED_OBJC_IMPLEMENTATIONS = YES;
				CLANG_WARN_DIRECT_OBJC_ISA_USAGE = YES_ERROR;
				CLANG_WARN_DOCUMENTATION_COMMENTS = YES;
				CLANG_WARN_EMPTY_BODY = YES;
				CLANG_WARN_ENUM_CONVERSION = YES;
				CLANG_WARN_INFINITE_RECURSION = YES;
				CLANG_WARN_INT_CONVERSION = YES;
				CLANG_WARN_NON_LITERAL_NULL_CONVERSION = YES;
				CLANG_WARN_OBJC_IMPLICIT_RETAIN_SELF = YES;
				CLANG_WARN_OBJC_LITERAL_CONVERSION = YES;
				CLANG_WARN_OBJC_ROOT_CLASS = YES_ERROR;
				CLANG_WARN_QUOTED_INCLUDE_IN_FRAMEWORK_HEADER = YES;
				CLANG_WARN_RANGE_LOOP_ANALYSIS = YES;
				CLANG_WARN_STRICT_PROTOTYPES = YES;
				CLANG_WARN_SUSPICIOUS_MOVE = YES;
				CLANG_WARN_UNGUARDED_AVAILABILITY = YES_AGGRESSIVE;
				CLANG_WARN_UNREACHABLE_CODE = YES;
				CLANG_WARN__DUPLICATE_METHOD_MATCH = YES;
				COPY_PHASE_STRIP = NO;
				DEBUG_INFORMATION_FORMAT = "dwarf-with-dsym";
				ENABLE_NS_ASSERTIONS = NO;
				ENABLE_STRICT_OBJC_MSGSEND = YES;
				GCC_C_LANGUAGE_STANDARD = gnu11;
				GCC_NO_COMMON_BLOCKS = YES;
				GCC_WARN_64_TO_32_BIT_CONVERSION = YES;
				GCC_WARN_ABOUT_RETURN_TYPE = YES_ERROR;
				GCC_WARN_UNDECLARED_SELECTOR = YES;
				GCC_WARN_UNINITIALIZED_AUTOS = YES_AGGRESSIVE;
				GCC_WARN_UNUSED_FUNCTION = YES;
				GCC_WARN_UNUSED_VARIABLE = YES;
				IPHONEOS_DEPLOYMENT_TARGET = 14.5;
				MTL_ENABLE_DEBUG_INFO = NO;
				MTL_FAST_MATH = YES;
				SDKROOT = iphoneos;
				SWIFT_COMPILATION_MODE = wholemodule;
				SWIFT_OPTIMIZATION_LEVEL = "-O";
				VALIDATE_PRODUCT = YES;
			};
			name = Release;
		};
		F3B1E5E02640643B001E6B90 /* Debug */ = {
			isa = XCBuildConfiguration;
			buildSettings = {
				ASSETCATALOG_COMPILER_APPICON_NAME = AppIcon;
				ASSETCATALOG_COMPILER_GLOBAL_ACCENT_COLOR_NAME = AccentColor;
				CODE_SIGN_STYLE = Automatic;
				INFOPLIST_FILE = BasicCollectionView/Info.plist;
				LD_RUNPATH_SEARCH_PATHS = (
					"$(inherited)",
					"@executable_path/Frameworks",
				);
				PRODUCT_BUNDLE_IDENTIFIER = com.swiftlybuilt.BasicCollectionView;
				PRODUCT_NAME = "$(TARGET_NAME)";
				SWIFT_VERSION = 5.0;
				TARGETED_DEVICE_FAMILY = "1,2";
			};
			name = Debug;
		};
		F3B1E5E12640643B001E6B90 /* Release */ = {
			isa = XCBuildConfiguration;
			buildSettings = {
				ASSETCATALOG_COMPILER_APPICON_NAME = AppIcon;
				ASSETCATALOG_COMPILER_GLOBAL_ACCENT_COLOR_NAME = AccentColor;
				CODE_SIGN_STYLE = Automatic;
				INFOPLIST_FILE = BasicCollectionView/Info.plist;
				LD_RUNPATH_SEARCH_PATHS = (
					"$(inherited)",
					"@executable_path/Frameworks",
				);
				PRODUCT_BUNDLE_IDENTIFIER = com.swiftlybuilt.BasicCollectionView;
				PRODUCT_NAME = "$(TARGET_NAME)";
				SWIFT_VERSION = 5.0;
				TARGETED_DEVICE_FAMILY = "1,2";
			};
			name = Release;
		};
/* End XCBuildConfiguration section */

/* Begin XCConfigurationList section */
		F3B1E5C626406439001E6B90 /* Build configuration list for PBXProject "BasicCollectionView" */ = {
			isa = XCConfigurationList;
			buildConfigurations = (
				F3B1E5DD2640643B001E6B90 /* Debug */,
				F3B1E5DE2640643B001E6B90 /* Release */,
			);
			defaultConfigurationIsVisible = 0;
			defaultConfigurationName = Release;
		};
		F3B1E5DF2640643B001E6B90 /* Build configuration list for PBXNativeTarget "BasicCollectionView" */ = {
			isa = XCConfigurationList;
			buildConfigurations = (
				F3B1E5E02640643B001E6B90 /* Debug */,
				F3B1E5E12640643B001E6B90 /* Release */,
			);
			defaultConfigurationIsVisible = 0;
			defaultConfigurationName = Release;
		};
/* End XCConfigurationList section */
	};
	rootObject = F3B1E5C326406439001E6B90 /* Project object */;
}
