// !$*UTF8*$!
{
	archiveVersion = 1;
	classes = {
	};
	objectVersion = 50;
	objects = {

/* Begin PBXBuildFile section */
		1812E9A123F35901009BBFA7 /* StoreItemContainerViewController.swift in Sources */ = {isa = PBXBuildFile; fileRef = 1812E9A023F35901009BBFA7 /* StoreItemContainerViewController.swift */; };
		1812E9A323F36978009BBFA7 /* StoreItemCollectionViewController.swift in Sources */ = {isa = PBXBuildFile; fileRef = 1812E9A223F36978009BBFA7 /* StoreItemCollectionViewController.swift */; };
		18A6051D23CF9802002037CA /* AppDelegate.swift in Sources */ = {isa = PBXBuildFile; fileRef = 18A6051C23CF9802002037CA /* AppDelegate.swift */; };
		18A6051F23CF9802002037CA /* SceneDelegate.swift in Sources */ = {isa = PBXBuildFile; fileRef = 18A6051E23CF9802002037CA /* SceneDelegate.swift */; };
		18A6052423CF9802002037CA /* Main.storyboard in Resources */ = {isa = PBXBuildFile; fileRef = 18A6052223CF9802002037CA /* Main.storyboard */; };
		18A6052623CF9803002037CA /* Assets.xcassets in Resources */ = {isa = PBXBuildFile; fileRef = 18A6052523CF9803002037CA /* Assets.xcassets */; };
		18A6052923CF9803002037CA /* LaunchScreen.storyboard in Resources */ = {isa = PBXBuildFile; fileRef = 18A6052723CF9803002037CA /* LaunchScreen.storyboard */; };
		18A6053123CF9829002037CA /* StoreItemListTableViewController.swift in Sources */ = {isa = PBXBuildFile; fileRef = 18A6053023CF9829002037CA /* StoreItemListTableViewController.swift */; };
		18A6053323CF9ADA002037CA /* ItemTableViewCell.swift in Sources */ = {isa = PBXBuildFile; fileRef = 18A6053223CF9ADA002037CA /* ItemTableViewCell.swift */; };
		18A6053523CFABBB002037CA /* StoreItem.swift in Sources */ = {isa = PBXBuildFile; fileRef = 18A6053423CFABBB002037CA /* StoreItem.swift */; };
		18A6053723CFABDC002037CA /* StoreItemController.swift in Sources */ = {isa = PBXBuildFile; fileRef = 18A6053623CFABDC002037CA /* StoreItemController.swift */; };
/* End PBXBuildFile section */

/* Begin PBXFileReference section */
		1812E9A023F35901009BBFA7 /* StoreItemContainerViewController.swift */ = {isa = PBXFileReference; lastKnownFileType = sourcecode.swift; path = StoreItemContainerViewController.swift; sourceTree = "<group>"; };
		1812E9A223F36978009BBFA7 /* StoreItemCollectionViewController.swift */ = {isa = PBXFileReference; lastKnownFileType = sourcecode.swift; path = StoreItemCollectionViewController.swift; sourceTree = "<group>"; };
		18A6051923CF9802002037CA /* iTunesSearch.app */ = {isa = PBXFileReference; explicitFileType = wrapper.application; includeInIndex = 0; path = iTunesSearch.app; sourceTree = BUILT_PRODUCTS_DIR; };
		18A6051C23CF9802002037CA /* AppDelegate.swift */ = {isa = PBXFileReference; lastKnownFileType = sourcecode.swift; path = AppDelegate.swift; sourceTree = "<group>"; };
		18A6051E23CF9802002037CA /* SceneDelegate.swift */ = {isa = PBXFileReference; lastKnownFileType = sourcecode.swift; path = SceneDelegate.swift; sourceTree = "<group>"; };
		18A6052323CF9802002037CA /* Base */ = {isa = PBXFileReference; lastKnownFileType = file.storyboard; name = Base; path = Base.lproj/Main.storyboard; sourceTree = "<group>"; };
		18A6052523CF9803002037CA /* Assets.xcassets */ = {isa = PBXFileReference; lastKnownFileType = folder.assetcatalog; path = Assets.xcassets; sourceTree = "<group>"; };
		18A6052823CF9803002037CA /* Base */ = {isa = PBXFileReference; lastKnownFileType = file.storyboard; name = Base; path = Base.lproj/LaunchScreen.storyboard; sourceTree = "<group>"; };
		18A6052A23CF9803002037CA /* Info.plist */ = {isa = PBXFileReference; lastKnownFileType = text.plist.xml; path = Info.plist; sourceTree = "<group>"; };
		18A6053023CF9829002037CA /* StoreItemListTableViewController.swift */ = {isa = PBXFileReference; lastKnownFileType = sourcecode.swift; path = StoreItemListTableViewController.swift; sourceTree = "<group>"; };
		18A6053223CF9ADA002037CA /* ItemTableViewCell.swift */ = {isa = PBXFileReference; lastKnownFileType = sourcecode.swift; path = ItemTableViewCell.swift; sourceTree = "<group>"; };
		18A6053423CFABBB002037CA /* StoreItem.swift */ = {isa = PBXFileReference; lastKnownFileType = sourcecode.swift; path = StoreItem.swift; sourceTree = "<group>"; };
		18A6053623CFABDC002037CA /* StoreItemController.swift */ = {isa = PBXFileReference; lastKnownFileType = sourcecode.swift; path = StoreItemController.swift; sourceTree = "<group>"; };
/* End PBXFileReference section */

/* Begin PBXFrameworksBuildPhase section */
		18A6051623CF9802002037CA /* Frameworks */ = {
			isa = PBXFrameworksBuildPhase;
			buildActionMask = 2147483647;
			files = (
			);
			runOnlyForDeploymentPostprocessing = 0;
		};
/* End PBXFrameworksBuildPhase section */

/* Begin PBXGroup section */
		18A6051023CF9802002037CA = {
			isa = PBXGroup;
			children = (
				18A6051B23CF9802002037CA /* iTunesSearch */,
				18A6051A23CF9802002037CA /* Products */,
			);
			sourceTree = "<group>";
		};
		18A6051A23CF9802002037CA /* Products */ = {
			isa = PBXGroup;
			children = (
				18A6051923CF9802002037CA /* iTunesSearch.app */,
			);
			name = Products;
			sourceTree = "<group>";
		};
		18A6051B23CF9802002037CA /* iTunesSearch */ = {
			isa = PBXGroup;
			children = (
				18A6052A23CF9803002037CA /* Info.plist */,
				18A6051C23CF9802002037CA /* AppDelegate.swift */,
				18A6053223CF9ADA002037CA /* ItemTableViewCell.swift */,
				18A6051E23CF9802002037CA /* SceneDelegate.swift */,
				18A6053423CFABBB002037CA /* StoreItem.swift */,
				18A6053623CFABDC002037CA /* StoreItemController.swift */,
				18A6053023CF9829002037CA /* StoreItemListTableViewController.swift */,
				1812E9A223F36978009BBFA7 /* StoreItemCollectionViewController.swift */,
				1812E9A023F35901009BBFA7 /* StoreItemContainerViewController.swift */,
				18A6052523CF9803002037CA /* Assets.xcassets */,
				18A6052723CF9803002037CA /* LaunchScreen.storyboard */,
				18A6052223CF9802002037CA /* Main.storyboard */,
			);
			path = iTunesSearch;
			sourceTree = "<group>";
		};
/* End PBXGroup section */

/* Begin PBXNativeTarget section */
		18A6051823CF9802002037CA /* iTunesSearch */ = {
			isa = PBXNativeTarget;
			buildConfigurationList = 18A6052D23CF9803002037CA /* Build configuration list for PBXNativeTarget "iTunesSearch" */;
			buildPhases = (
				18A6051523CF9802002037CA /* Sources */,
				18A6051623CF9802002037CA /* Frameworks */,
				18A6051723CF9802002037CA /* Resources */,
			);
			buildRules = (
			);
			dependencies = (
			);
			name = iTunesSearch;
			productName = iTunesSearch;
			productReference = 18A6051923CF9802002037CA /* iTunesSearch.app */;
			productType = "com.apple.product-type.application";
		};
/* End PBXNativeTarget section */

/* Begin PBXProject section */
		18A6051123CF9802002037CA /* Project object */ = {
			isa = PBXProject;
			attributes = {
				LastSwiftUpdateCheck = 1120;
				LastUpgradeCheck = 1120;
				TargetAttributes = {
					18A6051823CF9802002037CA = {
						CreatedOnToolsVersion = 11.2.1;
					};
				};
			};
			buildConfigurationList = 18A6051423CF9802002037CA /* Build configuration list for PBXProject "iTunesSearch" */;
			compatibilityVersion = "Xcode 9.3";
			developmentRegion = en;
			hasScannedForEncodings = 0;
			knownRegions = (
				en,
				Base,
			);
			mainGroup = 18A6051023CF9802002037CA;
			productRefGroup = 18A6051A23CF9802002037CA /* Products */;
			projectDirPath = "";
			projectRoot = "";
			targets = (
				18A6051823CF9802002037CA /* iTunesSearch */,
			);
		};
/* End PBXProject section */

/* Begin PBXResourcesBuildPhase section */
		18A6051723CF9802002037CA /* Resources */ = {
			isa = PBXResourcesBuildPhase;
			buildActionMask = 2147483647;
			files = (
				18A6052923CF9803002037CA /* LaunchScreen.storyboard in Resources */,
				18A6052623CF9803002037CA /* Assets.xcassets in Resources */,
				18A6052423CF9802002037CA /* Main.storyboard in Resources */,
			);
			runOnlyForDeploymentPostprocessing = 0;
		};
/* End PBXResourcesBuildPhase section */

/* Begin PBXSourcesBuildPhase section */
		18A6051523CF9802002037CA /* Sources */ = {
			isa = PBXSourcesBuildPhase;
			buildActionMask = 2147483647;
			files = (
				18A6053323CF9ADA002037CA /* ItemTableViewCell.swift in Sources */,
				1812E9A323F36978009BBFA7 /* StoreItemCollectionViewController.swift in Sources */,
				18A6053523CFABBB002037CA /* StoreItem.swift in Sources */,
				18A6053723CFABDC002037CA /* StoreItemController.swift in Sources */,
				18A6053123CF9829002037CA /* StoreItemListTableViewController.swift in Sources */,
				18A6051D23CF9802002037CA /* AppDelegate.swift in Sources */,
				18A6051F23CF9802002037CA /* SceneDelegate.swift in Sources */,
				1812E9A123F35901009BBFA7 /* StoreItemContainerViewController.swift in Sources */,
			);
			runOnlyForDeploymentPostprocessing = 0;
		};
/* End PBXSourcesBuildPhase section */

/* Begin PBXVariantGroup section */
		18A6052223CF9802002037CA /* Main.storyboard */ = {
			isa = PBXVariantGroup;
			children = (
				18A6052323CF9802002037CA /* Base */,
			);
			name = Main.storyboard;
			sourceTree = "<group>";
		};
		18A6052723CF9803002037CA /* LaunchScreen.storyboard */ = {
			isa = PBXVariantGroup;
			children = (
				18A6052823CF9803002037CA /* Base */,
			);
			name = LaunchScreen.storyboard;
			sourceTree = "<group>";
		};
/* End PBXVariantGroup section */

/* Begin XCBuildConfiguration section */
		18A6052B23CF9803002037CA /* Debug */ = {
			isa = XCBuildConfiguration;
			buildSettings = {
				ALWAYS_SEARCH_USER_PATHS = NO;
				CLANG_ANALYZER_NONNULL = YES;
				CLANG_ANALYZER_NUMBER_OBJECT_CONVERSION = YES_AGGRESSIVE;
				CLANG_CXX_LANGUAGE_STANDARD = "gnu++14";
				CLANG_CXX_LIBRARY = "libc++";
				CLANG_ENABLE_MODULES = YES;
				CLANG_ENABLE_OBJC_ARC = YES;
				CLANG_ENABLE_OBJC_WEAK = YES;
				CLANG_WARN_BLOCK_CAPTURE_AUTORELEASING = YES;
				CLANG_WARN_BOOL_CONVERSION = YES;
				CLANG_WARN_COMMA = YES;
				CLANG_WARN_CONSTANT_CONVERSION = YES;
				CLANG_WARN_DEPRECATED_OBJC_IMPLEMENTATIONS = YES;
				CLANG_WARN_DIRECT_OBJC_ISA_USAGE = YES_ERROR;
				CLANG_WARN_DOCUMENTATION_COMMENTS = YES;
				CLANG_WARN_EMPTY_BODY = YES;
				CLANG_WARN_ENUM_CONVERSION = YES;
				CLANG_WARN_INFINITE_RECURSION = YES;
				CLANG_WARN_INT_CONVERSION = YES;
				CLANG_WARN_NON_LITERAL_NULL_CONVERSION = YES;
				CLANG_WARN_OBJC_IMPLICIT_RETAIN_SELF = YES;
				CLANG_WARN_OBJC_LITERAL_CONVERSION = YES;
				CLANG_WARN_OBJC_ROOT_CLASS = YES_ERROR;
				CLANG_WARN_RANGE_LOOP_ANALYSIS = YES;
				CLANG_WARN_STRICT_PROTOTYPES = YES;
				CLANG_WARN_SUSPICIOUS_MOVE = YES;
				CLANG_WARN_UNGUARDED_AVAILABILITY = YES_AGGRESSIVE;
				CLANG_WARN_UNREACHABLE_CODE = YES;
				CLANG_WARN__DUPLICATE_METHOD_MATCH = YES;
				COPY_PHASE_STRIP = NO;
				DEBUG_INFORMATION_FORMAT = dwarf;
				ENABLE_STRICT_OBJC_MSGSEND = YES;
				ENABLE_TESTABILITY = YES;
				GCC_C_LANGUAGE_STANDARD = gnu11;
				GCC_DYNAMIC_NO_PIC = NO;
				GCC_NO_COMMON_BLOCKS = YES;
				GCC_OPTIMIZATION_LEVEL = 0;
				GCC_PREPROCESSOR_DEFINITIONS = (
					"DEBUG=1",
					"$(inherited)",
				);
				GCC_WARN_64_TO_32_BIT_CONVERSION = YES;
				GCC_WARN_ABOUT_RETURN_TYPE = YES_ERROR;
				GCC_WARN_UNDECLARED_SELECTOR = YES;
				GCC_WARN_UNINITIALIZED_AUTOS = YES_AGGRESSIVE;
				GCC_WARN_UNUSED_FUNCTION = YES;
				GCC_WARN_UNUSED_VARIABLE = YES;
				IPHONEOS_DEPLOYMENT_TARGET = 13.2;
				MTL_ENABLE_DEBUG_INFO = INCLUDE_SOURCE;
				MTL_FAST_MATH = YES;
				ONLY_ACTIVE_ARCH = YES;
				SDKROOT = iphoneos;
				SWIFT_ACTIVE_COMPILATION_CONDITIONS = DEBUG;
				SWIFT_OPTIMIZATION_LEVEL = "-Onone";
			};
			name = Debug;
		};
		18A6052C23CF9803002037CA /* Release */ = {
			isa = XCBuildConfiguration;
			buildSettings = {
				ALWAYS_SEARCH_USER_PATHS = NO;
				CLANG_ANALYZER_NONNULL = YES;
				CLANG_ANALYZER_NUMBER_OBJECT_CONVERSION = YES_AGGRESSIVE;
				CLANG_CXX_LANGUAGE_STANDARD = "gnu++14";
				CLANG_CXX_LIBRARY = "libc++";
				CLANG_ENABLE_MODULES = YES;
				CLANG_ENABLE_OBJC_ARC = YES;
				CLANG_ENABLE_OBJC_WEAK = YES;
				CLANG_WARN_BLOCK_CAPTURE_AUTORELEASING = YES;
				CLANG_WARN_BOOL_CONVERSION = YES;
				CLANG_WARN_COMMA = YES;
				CLANG_WARN_CONSTANT_CONVERSION = YES;
				CLANG_WARN_DEPRECATED_OBJC_IMPLEMENTATIONS = YES;
				CLANG_WARN_DIRECT_OBJC_ISA_USAGE = YES_ERROR;
				CLANG_WARN_DOCUMENTATION_COMMENTS = YES;
				CLANG_WARN_EMPTY_BODY = YES;
				CLANG_WARN_ENUM_CONVERSION = YES;
				CLANG_WARN_INFINITE_RECURSION = YES;
				CLANG_WARN_INT_CONVERSION = YES;
				CLANG_WARN_NON_LITERAL_NULL_CONVERSION = YES;
				CLANG_WARN_OBJC_IMPLICIT_RETAIN_SELF = YES;
				CLANG_WARN_OBJC_LITERAL_CONVERSION = YES;
				CLANG_WARN_OBJC_ROOT_CLASS = YES_ERROR;
				CLANG_WARN_RANGE_LOOP_ANALYSIS = YES;
				CLANG_WARN_STRICT_PROTOTYPES = YES;
				CLANG_WARN_SUSPICIOUS_MOVE = YES;
				CLANG_WARN_UNGUARDED_AVAILABILITY = YES_AGGRESSIVE;
				CLANG_WARN_UNREACHABLE_CODE = YES;
				CLANG_WARN__DUPLICATE_METHOD_MATCH = YES;
				COPY_PHASE_STRIP = NO;
				DEBUG_INFORMATION_FORMAT = "dwarf-with-dsym";
				ENABLE_NS_ASSERTIONS = NO;
				ENABLE_STRICT_OBJC_MSGSEND = YES;
				GCC_C_LANGUAGE_STANDARD = gnu11;
				GCC_NO_COMMON_BLOCKS = YES;
				GCC_WARN_64_TO_32_BIT_CONVERSION = YES;
				GCC_WARN_ABOUT_RETURN_TYPE = YES_ERROR;
				GCC_WARN_UNDECLARED_SELECTOR = YES;
				GCC_WARN_UNINITIALIZED_AUTOS = YES_AGGRESSIVE;
				GCC_WARN_UNUSED_FUNCTION = YES;
				GCC_WARN_UNUSED_VARIABLE = YES;
				IPHONEOS_DEPLOYMENT_TARGET = 13.2;
				MTL_ENABLE_DEBUG_INFO = NO;
				MTL_FAST_MATH = YES;
				SDKROOT = iphoneos;
				SWIFT_COMPILATION_MODE = wholemodule;
				SWIFT_OPTIMIZATION_LEVEL = "-O";
				VALIDATE_PRODUCT = YES;
			};
			name = Release;
		};
		18A6052E23CF9803002037CA /* Debug */ = {
			isa = XCBuildConfiguration;
			buildSettings = {
				ASSETCATALOG_COMPILER_APPICON_NAME = AppIcon;
				CODE_SIGN_STYLE = Automatic;
				INFOPLIST_FILE = iTunesSearch/Info.plist;
				LD_RUNPATH_SEARCH_PATHS = (
					"$(inherited)",
					"@executable_path/Frameworks",
				);
				PRODUCT_BUNDLE_IDENTIFIER = com.example.iTunesSearch;
				PRODUCT_NAME = "$(TARGET_NAME)";
				SWIFT_VERSION = 5.0;
				TARGETED_DEVICE_FAMILY = "1,2";
			};
			name = Debug;
		};
		18A6052F23CF9803002037CA /* Release */ = {
			isa = XCBuildConfiguration;
			buildSettings = {
				ASSETCATALOG_COMPILER_APPICON_NAME = AppIcon;
				CODE_SIGN_STYLE = Automatic;
				INFOPLIST_FILE = iTunesSearch/Info.plist;
				LD_RUNPATH_SEARCH_PATHS = (
					"$(inherited)",
					"@executable_path/Frameworks",
				);
				PRODUCT_BUNDLE_IDENTIFIER = com.example.iTunesSearch;
				PRODUCT_NAME = "$(TARGET_NAME)";
				SWIFT_VERSION = 5.0;
				TARGETED_DEVICE_FAMILY = "1,2";
			};
			name = Release;
		};
/* End XCBuildConfiguration section */

/* Begin XCConfigurationList section */
		18A6051423CF9802002037CA /* Build configuration list for PBXProject "iTunesSearch" */ = {
			isa = XCConfigurationList;
			buildConfigurations = (
				18A6052B23CF9803002037CA /* Debug */,
				18A6052C23CF9803002037CA /* Release */,
			);
			defaultConfigurationIsVisible = 0;
			defaultConfigurationName = Release;
		};
		18A6052D23CF9803002037CA /* Build configuration list for PBXNativeTarget "iTunesSearch" */ = {
			isa = XCConfigurationList;
			buildConfigurations = (
				18A6052E23CF9803002037CA /* Debug */,
				18A6052F23CF9803002037CA /* Release */,
			);
			defaultConfigurationIsVisible = 0;
			defaultConfigurationName = Release;
		};
/* End XCConfigurationList section */
	};
	rootObject = 18A6051123CF9802002037CA /* Project object */;
}
