// !$*UTF8*$!
{
	archiveVersion = 1;
	classes = {
	};
	objectVersion = 50;
	objects = {

/* Begin PBXBuildFile section */
		188F675C23AAC17B007E2064 /* AddEditEmojiTableViewController.swift in Sources */ = {isa = PBXBuildFile; fileRef = 188F675B23AAC17B007E2064 /* AddEditEmojiTableViewController.swift */; };
		18E8589223A95DC1009A02B5 /* AppDelegate.swift in Sources */ = {isa = PBXBuildFile; fileRef = 18E8589123A95DC1009A02B5 /* AppDelegate.swift */; };
		18E8589423A95DC1009A02B5 /* SceneDelegate.swift in Sources */ = {isa = PBXBuildFile; fileRef = 18E8589323A95DC1009A02B5 /* SceneDelegate.swift */; };
		18E8589B23A95DC2009A02B5 /* Assets.xcassets in Resources */ = {isa = PBXBuildFile; fileRef = 18E8589A23A95DC2009A02B5 /* Assets.xcassets */; };
		18E8589E23A95DC2009A02B5 /* LaunchScreen.storyboard in Resources */ = {isa = PBXBuildFile; fileRef = 18E8589C23A95DC2009A02B5 /* LaunchScreen.storyboard */; };
		18E858A623A95EC7009A02B5 /* Emoji.swift in Sources */ = {isa = PBXBuildFile; fileRef = 18E858A523A95EC7009A02B5 /* Emoji.swift */; };
		18E858A823A95F64009A02B5 /* Main.storyboard in Resources */ = {isa = PBXBuildFile; fileRef = 18E858A723A95F64009A02B5 /* Main.storyboard */; };
		4485A51A24ED7DDC0051EF3D /* EmojiCollectionViewHeader.swift in Sources */ = {isa = PBXBuildFile; fileRef = 4485A51924ED7DDC0051EF3D /* EmojiCollectionViewHeader.swift */; };
		5A98BFD124CF8C4400EBFD72 /* EmojiCollectionViewCell.swift in Sources */ = {isa = PBXBuildFile; fileRef = 5A98BFD024CF8C4400EBFD72 /* EmojiCollectionViewCell.swift */; };
		5A98BFD324CF8CB700EBFD72 /* EmojiCollectionViewController.swift in Sources */ = {isa = PBXBuildFile; fileRef = 5A98BFD224CF8CB700EBFD72 /* EmojiCollectionViewController.swift */; };
/* End PBXBuildFile section */

/* Begin PBXFileReference section */
		188F675B23AAC17B007E2064 /* AddEditEmojiTableViewController.swift */ = {isa = PBXFileReference; lastKnownFileType = sourcecode.swift; path = AddEditEmojiTableViewController.swift; sourceTree = "<group>"; };
		18E8588E23A95DC1009A02B5 /* EmojiDictionary.app */ = {isa = PBXFileReference; explicitFileType = wrapper.application; includeInIndex = 0; path = EmojiDictionary.app; sourceTree = BUILT_PRODUCTS_DIR; };
		18E8589123A95DC1009A02B5 /* AppDelegate.swift */ = {isa = PBXFileReference; lastKnownFileType = sourcecode.swift; path = AppDelegate.swift; sourceTree = "<group>"; };
		18E8589323A95DC1009A02B5 /* SceneDelegate.swift */ = {isa = PBXFileReference; lastKnownFileType = sourcecode.swift; path = SceneDelegate.swift; sourceTree = "<group>"; };
		18E8589A23A95DC2009A02B5 /* Assets.xcassets */ = {isa = PBXFileReference; lastKnownFileType = folder.assetcatalog; path = Assets.xcassets; sourceTree = "<group>"; };
		18E8589D23A95DC2009A02B5 /* Base */ = {isa = PBXFileReference; lastKnownFileType = file.storyboard; name = Base; path = Base.lproj/LaunchScreen.storyboard; sourceTree = "<group>"; };
		18E8589F23A95DC2009A02B5 /* Info.plist */ = {isa = PBXFileReference; lastKnownFileType = text.plist.xml; path = Info.plist; sourceTree = "<group>"; };
		18E858A523A95EC7009A02B5 /* Emoji.swift */ = {isa = PBXFileReference; lastKnownFileType = sourcecode.swift; path = Emoji.swift; sourceTree = "<group>"; };
		18E858A723A95F64009A02B5 /* Main.storyboard */ = {isa = PBXFileReference; lastKnownFileType = file.storyboard; path = Main.storyboard; sourceTree = "<group>"; };
		4485A51924ED7DDC0051EF3D /* EmojiCollectionViewHeader.swift */ = {isa = PBXFileReference; fileEncoding = 4; lastKnownFileType = sourcecode.swift; path = EmojiCollectionViewHeader.swift; sourceTree = "<group>"; };
		5A98BFD024CF8C4400EBFD72 /* EmojiCollectionViewCell.swift */ = {isa = PBXFileReference; lastKnownFileType = sourcecode.swift; path = EmojiCollectionViewCell.swift; sourceTree = "<group>"; };
		5A98BFD224CF8CB700EBFD72 /* EmojiCollectionViewController.swift */ = {isa = PBXFileReference; lastKnownFileType = sourcecode.swift; path = EmojiCollectionViewController.swift; sourceTree = "<group>"; };
/* End PBXFileReference section */

/* Begin PBXFrameworksBuildPhase section */
		18E8588B23A95DC1009A02B5 /* Frameworks */ = {
			isa = PBXFrameworksBuildPhase;
			buildActionMask = 2147483647;
			files = (
			);
			runOnlyForDeploymentPostprocessing = 0;
		};
/* End PBXFrameworksBuildPhase section */

/* Begin PBXGroup section */
		18E8588523A95DC1009A02B5 = {
			isa = PBXGroup;
			children = (
				18E8589023A95DC1009A02B5 /* EmojiDictionary */,
				18E8588F23A95DC1009A02B5 /* Products */,
			);
			sourceTree = "<group>";
		};
		18E8588F23A95DC1009A02B5 /* Products */ = {
			isa = PBXGroup;
			children = (
				18E8588E23A95DC1009A02B5 /* EmojiDictionary.app */,
			);
			name = Products;
			sourceTree = "<group>";
		};
		18E8589023A95DC1009A02B5 /* EmojiDictionary */ = {
			isa = PBXGroup;
			children = (
				18E8589F23A95DC2009A02B5 /* Info.plist */,
				18E858A723A95F64009A02B5 /* Main.storyboard */,
				18E8589123A95DC1009A02B5 /* AppDelegate.swift */,
				18E858A523A95EC7009A02B5 /* Emoji.swift */,
				5A98BFD224CF8CB700EBFD72 /* EmojiCollectionViewController.swift */,
				188F675B23AAC17B007E2064 /* AddEditEmojiTableViewController.swift */,
				5A98BFD024CF8C4400EBFD72 /* EmojiCollectionViewCell.swift */,
				4485A51924ED7DDC0051EF3D /* EmojiCollectionViewHeader.swift */,
				18E8589323A95DC1009A02B5 /* SceneDelegate.swift */,
				18E8589A23A95DC2009A02B5 /* Assets.xcassets */,
				18E8589C23A95DC2009A02B5 /* LaunchScreen.storyboard */,
			);
			path = EmojiDictionary;
			sourceTree = "<group>";
		};
/* End PBXGroup section */

/* Begin PBXNativeTarget section */
		18E8588D23A95DC1009A02B5 /* EmojiDictionary */ = {
			isa = PBXNativeTarget;
			buildConfigurationList = 18E858A223A95DC2009A02B5 /* Build configuration list for PBXNativeTarget "EmojiDictionary" */;
			buildPhases = (
				18E8588A23A95DC1009A02B5 /* Sources */,
				18E8588B23A95DC1009A02B5 /* Frameworks */,
				18E8588C23A95DC1009A02B5 /* Resources */,
			);
			buildRules = (
			);
			dependencies = (
			);
			name = EmojiDictionary;
			productName = EmojiDictionary;
			productReference = 18E8588E23A95DC1009A02B5 /* EmojiDictionary.app */;
			productType = "com.apple.product-type.application";
		};
/* End PBXNativeTarget section */

/* Begin PBXProject section */
		18E8588623A95DC1009A02B5 /* Project object */ = {
			isa = PBXProject;
			attributes = {
				LastSwiftUpdateCheck = 1120;
				LastUpgradeCheck = 1120;
				TargetAttributes = {
					18E8588D23A95DC1009A02B5 = {
						CreatedOnToolsVersion = 11.2.1;
					};
				};
			};
			buildConfigurationList = 18E8588923A95DC1009A02B5 /* Build configuration list for PBXProject "EmojiDictionary" */;
			compatibilityVersion = "Xcode 9.3";
			developmentRegion = en;
			hasScannedForEncodings = 0;
			knownRegions = (
				en,
				Base,
			);
			mainGroup = 18E8588523A95DC1009A02B5;
			productRefGroup = 18E8588F23A95DC1009A02B5 /* Products */;
			projectDirPath = "";
			projectRoot = "";
			targets = (
				18E8588D23A95DC1009A02B5 /* EmojiDictionary */,
			);
		};
/* End PBXProject section */

/* Begin PBXResourcesBuildPhase section */
		18E8588C23A95DC1009A02B5 /* Resources */ = {
			isa = PBXResourcesBuildPhase;
			buildActionMask = 2147483647;
			files = (
				18E858A823A95F64009A02B5 /* Main.storyboard in Resources */,
				18E8589E23A95DC2009A02B5 /* LaunchScreen.storyboard in Resources */,
				18E8589B23A95DC2009A02B5 /* Assets.xcassets in Resources */,
			);
			runOnlyForDeploymentPostprocessing = 0;
		};
/* End PBXResourcesBuildPhase section */

/* Begin PBXSourcesBuildPhase section */
		18E8588A23A95DC1009A02B5 /* Sources */ = {
			isa = PBXSourcesBuildPhase;
			buildActionMask = 2147483647;
			files = (
				5A98BFD124CF8C4400EBFD72 /* EmojiCollectionViewCell.swift in Sources */,
				188F675C23AAC17B007E2064 /* AddEditEmojiTableViewController.swift in Sources */,
				18E858A623A95EC7009A02B5 /* Emoji.swift in Sources */,
				5A98BFD324CF8CB700EBFD72 /* EmojiCollectionViewController.swift in Sources */,
				18E8589223A95DC1009A02B5 /* AppDelegate.swift in Sources */,
				4485A51A24ED7DDC0051EF3D /* EmojiCollectionViewHeader.swift in Sources */,
				18E8589423A95DC1009A02B5 /* SceneDelegate.swift in Sources */,
			);
			runOnlyForDeploymentPostprocessing = 0;
		};
/* End PBXSourcesBuildPhase section */

/* Begin PBXVariantGroup section */
		18E8589C23A95DC2009A02B5 /* LaunchScreen.storyboard */ = {
			isa = PBXVariantGroup;
			children = (
				18E8589D23A95DC2009A02B5 /* Base */,
			);
			name = LaunchScreen.storyboard;
			sourceTree = "<group>";
		};
/* End PBXVariantGroup section */

/* Begin XCBuildConfiguration section */
		18E858A023A95DC2009A02B5 /* Debug */ = {
			isa = XCBuildConfiguration;
			buildSettings = {
				ALWAYS_SEARCH_USER_PATHS = NO;
				CLANG_ANALYZER_NONNULL = YES;
				CLANG_ANALYZER_NUMBER_OBJECT_CONVERSION = YES_AGGRESSIVE;
				CLANG_CXX_LANGUAGE_STANDARD = "gnu++14";
				CLANG_CXX_LIBRARY = "libc++";
				CLANG_ENABLE_MODULES = YES;
				CLANG_ENABLE_OBJC_ARC = YES;
				CLANG_ENABLE_OBJC_WEAK = YES;
				CLANG_WARN_BLOCK_CAPTURE_AUTORELEASING = YES;
				CLANG_WARN_BOOL_CONVERSION = YES;
				CLANG_WARN_COMMA = YES;
				CLANG_WARN_CONSTANT_CONVERSION = YES;
				CLANG_WARN_DEPRECATED_OBJC_IMPLEMENTATIONS = YES;
				CLANG_WARN_DIRECT_OBJC_ISA_USAGE = YES_ERROR;
				CLANG_WARN_DOCUMENTATION_COMMENTS = YES;
				CLANG_WARN_EMPTY_BODY = YES;
				CLANG_WARN_ENUM_CONVERSION = YES;
				CLANG_WARN_INFINITE_RECURSION = YES;
				CLANG_WARN_INT_CONVERSION = YES;
				CLANG_WARN_NON_LITERAL_NULL_CONVERSION = YES;
				CLANG_WARN_OBJC_IMPLICIT_RETAIN_SELF = YES;
				CLANG_WARN_OBJC_LITERAL_CONVERSION = YES;
				CLANG_WARN_OBJC_ROOT_CLASS = YES_ERROR;
				CLANG_WARN_RANGE_LOOP_ANALYSIS = YES;
				CLANG_WARN_STRICT_PROTOTYPES = YES;
				CLANG_WARN_SUSPICIOUS_MOVE = YES;
				CLANG_WARN_UNGUARDED_AVAILABILITY = YES_AGGRESSIVE;
				CLANG_WARN_UNREACHABLE_CODE = YES;
				CLANG_WARN__DUPLICATE_METHOD_MATCH = YES;
				COPY_PHASE_STRIP = NO;
				DEBUG_INFORMATION_FORMAT = dwarf;
				ENABLE_STRICT_OBJC_MSGSEND = YES;
				ENABLE_TESTABILITY = YES;
				GCC_C_LANGUAGE_STANDARD = gnu11;
				GCC_DYNAMIC_NO_PIC = NO;
				GCC_NO_COMMON_BLOCKS = YES;
				GCC_OPTIMIZATION_LEVEL = 0;
				GCC_PREPROCESSOR_DEFINITIONS = (
					"DEBUG=1",
					"$(inherited)",
				);
				GCC_WARN_64_TO_32_BIT_CONVERSION = YES;
				GCC_WARN_ABOUT_RETURN_TYPE = YES_ERROR;
				GCC_WARN_UNDECLARED_SELECTOR = YES;
				GCC_WARN_UNINITIALIZED_AUTOS = YES_AGGRESSIVE;
				GCC_WARN_UNUSED_FUNCTION = YES;
				GCC_WARN_UNUSED_VARIABLE = YES;
				IPHONEOS_DEPLOYMENT_TARGET = 13.2;
				MTL_ENABLE_DEBUG_INFO = INCLUDE_SOURCE;
				MTL_FAST_MATH = YES;
				ONLY_ACTIVE_ARCH = YES;
				SDKROOT = iphoneos;
				SWIFT_ACTIVE_COMPILATION_CONDITIONS = DEBUG;
				SWIFT_OPTIMIZATION_LEVEL = "-Onone";
			};
			name = Debug;
		};
		18E858A123A95DC2009A02B5 /* Release */ = {
			isa = XCBuildConfiguration;
			buildSettings = {
				ALWAYS_SEARCH_USER_PATHS = NO;
				CLANG_ANALYZER_NONNULL = YES;
				CLANG_ANALYZER_NUMBER_OBJECT_CONVERSION = YES_AGGRESSIVE;
				CLANG_CXX_LANGUAGE_STANDARD = "gnu++14";
				CLANG_CXX_LIBRARY = "libc++";
				CLANG_ENABLE_MODULES = YES;
				CLANG_ENABLE_OBJC_ARC = YES;
				CLANG_ENABLE_OBJC_WEAK = YES;
				CLANG_WARN_BLOCK_CAPTURE_AUTORELEASING = YES;
				CLANG_WARN_BOOL_CONVERSION = YES;
				CLANG_WARN_COMMA = YES;
				CLANG_WARN_CONSTANT_CONVERSION = YES;
				CLANG_WARN_DEPRECATED_OBJC_IMPLEMENTATIONS = YES;
				CLANG_WARN_DIRECT_OBJC_ISA_USAGE = YES_ERROR;
				CLANG_WARN_DOCUMENTATION_COMMENTS = YES;
				CLANG_WARN_EMPTY_BODY = YES;
				CLANG_WARN_ENUM_CONVERSION = YES;
				CLANG_WARN_INFINITE_RECURSION = YES;
				CLANG_WARN_INT_CONVERSION = YES;
				CLANG_WARN_NON_LITERAL_NULL_CONVERSION = YES;
				CLANG_WARN_OBJC_IMPLICIT_RETAIN_SELF = YES;
				CLANG_WARN_OBJC_LITERAL_CONVERSION = YES;
				CLANG_WARN_OBJC_ROOT_CLASS = YES_ERROR;
				CLANG_WARN_RANGE_LOOP_ANALYSIS = YES;
				CLANG_WARN_STRICT_PROTOTYPES = YES;
				CLANG_WARN_SUSPICIOUS_MOVE = YES;
				CLANG_WARN_UNGUARDED_AVAILABILITY = YES_AGGRESSIVE;
				CLANG_WARN_UNREACHABLE_CODE = YES;
				CLANG_WARN__DUPLICATE_METHOD_MATCH = YES;
				COPY_PHASE_STRIP = NO;
				DEBUG_INFORMATION_FORMAT = "dwarf-with-dsym";
				ENABLE_NS_ASSERTIONS = NO;
				ENABLE_STRICT_OBJC_MSGSEND = YES;
				GCC_C_LANGUAGE_STANDARD = gnu11;
				GCC_NO_COMMON_BLOCKS = YES;
				GCC_WARN_64_TO_32_BIT_CONVERSION = YES;
				GCC_WARN_ABOUT_RETURN_TYPE = YES_ERROR;
				GCC_WARN_UNDECLARED_SELECTOR = YES;
				GCC_WARN_UNINITIALIZED_AUTOS = YES_AGGRESSIVE;
				GCC_WARN_UNUSED_FUNCTION = YES;
				GCC_WARN_UNUSED_VARIABLE = YES;
				IPHONEOS_DEPLOYMENT_TARGET = 13.2;
				MTL_ENABLE_DEBUG_INFO = NO;
				MTL_FAST_MATH = YES;
				SDKROOT = iphoneos;
				SWIFT_COMPILATION_MODE = wholemodule;
				SWIFT_OPTIMIZATION_LEVEL = "-O";
				VALIDATE_PRODUCT = YES;
			};
			name = Release;
		};
		18E858A323A95DC2009A02B5 /* Debug */ = {
			isa = XCBuildConfiguration;
			buildSettings = {
				ASSETCATALOG_COMPILER_APPICON_NAME = AppIcon;
				CODE_SIGN_STYLE = Automatic;
				INFOPLIST_FILE = EmojiDictionary/Info.plist;
				LD_RUNPATH_SEARCH_PATHS = (
					"$(inherited)",
					"@executable_path/Frameworks",
				);
				PRODUCT_BUNDLE_IDENTIFIER = com.example.EmojiDictionary;
				PRODUCT_NAME = "$(TARGET_NAME)";
				SWIFT_VERSION = 5.0;
				TARGETED_DEVICE_FAMILY = "1,2";
			};
			name = Debug;
		};
		18E858A423A95DC2009A02B5 /* Release */ = {
			isa = XCBuildConfiguration;
			buildSettings = {
				ASSETCATALOG_COMPILER_APPICON_NAME = AppIcon;
				CODE_SIGN_STYLE = Automatic;
				INFOPLIST_FILE = EmojiDictionary/Info.plist;
				LD_RUNPATH_SEARCH_PATHS = (
					"$(inherited)",
					"@executable_path/Frameworks",
				);
				PRODUCT_BUNDLE_IDENTIFIER = com.example.EmojiDictionary;
				PRODUCT_NAME = "$(TARGET_NAME)";
				SWIFT_VERSION = 5.0;
				TARGETED_DEVICE_FAMILY = "1,2";
			};
			name = Release;
		};
/* End XCBuildConfiguration section */

/* Begin XCConfigurationList section */
		18E8588923A95DC1009A02B5 /* Build configuration list for PBXProject "EmojiDictionary" */ = {
			isa = XCConfigurationList;
			buildConfigurations = (
				18E858A023A95DC2009A02B5 /* Debug */,
				18E858A123A95DC2009A02B5 /* Release */,
			);
			defaultConfigurationIsVisible = 0;
			defaultConfigurationName = Release;
		};
		18E858A223A95DC2009A02B5 /* Build configuration list for PBXNativeTarget "EmojiDictionary" */ = {
			isa = XCConfigurationList;
			buildConfigurations = (
				18E858A323A95DC2009A02B5 /* Debug */,
				18E858A423A95DC2009A02B5 /* Release */,
			);
			defaultConfigurationIsVisible = 0;
			defaultConfigurationName = Release;
		};
/* End XCConfigurationList section */
	};
	rootObject = 18E8588623A95DC1009A02B5 /* Project object */;
}
